rule_id: aws.waf.web_acl_log.aws_managed_rule_block
rule_type: ciem
title: 'WAF: Aws Managed Rule Block'
scope: waf.web_acl_log
domain: network_security_and_connectivity
subcategory: network_controls
severity: medium
service: waf
resource: web_acl_log
requirement: Aws Managed Rule Block
description: WAF AWS managed rule triggered and blocked request — known attack pattern
  detected.
rationale: Public-facing application exploitation can provide initial foothold in
  cloud environments; early detection limits attacker dwell time significantly.
remediation: '1. Apply WAF rules to detect and block exploitation attempts.

  2. Enable vulnerability scanning for all public-facing services.

  3. Apply security patches promptly for all known CVEs.

  '
references:
- https://attack.mitre.org/techniques/T1190/
compliance: []
threat_category: initial_access
mitre_tactics:
- initial-access
mitre_techniques:
- T1190
risk_score: 55
action_category: create
source: default
metadata_source: auto_generated
generated_by: aws_ciem_generator
threat_tags:
- cloud-exposure
