rule_id: aws.waf.web_acl_log.ip_reputation_block
rule_type: ciem
title: 'WAF: IP Reputation Block'
scope: waf.web_acl_log
domain: network_security_and_connectivity
subcategory: network_controls
severity: high
service: waf
resource: web_acl_log
requirement: Ip Reputation Block
description: WAF IP reputation list blocked request — known malicious IP detected.
rationale: Proxied connections through cloud infrastructure conceal the true origin
  of attacks and bypass IP-based blocking measures.
remediation: '1. Monitor for unusual outbound connection patterns from cloud resources.

  2. Restrict outbound internet access via security groups (default-deny egress).

  3. Apply CASB policies to detect and block proxy usage.

  '
references:
- https://attack.mitre.org/techniques/T1090/
compliance: []
threat_category: initial_access
mitre_tactics:
- initial-access
mitre_techniques:
- T1190
risk_score: 68
action_category: create
source: default
metadata_source: auto_generated
generated_by: aws_ciem_generator
threat_tags:
- cloud-exposure
