rule_id: aws.waf.web_acl_log.bot_control_block
rule_type: ciem
title: 'WAF: Bot Control Block'
scope: waf.web_acl_log
domain: network_security_and_connectivity
subcategory: network_controls
severity: medium
service: waf
resource: web_acl_log
requirement: Bot Control Block
description: WAF bot control blocked automated request — bot or scraper activity detected.
rationale: Scanning for exposed IP ranges and hostnames enables attackers to map the
  cloud attack surface for vulnerability research and targeted exploitation.
remediation: '1. Minimize the number of publicly routable cloud resources.

  2. Use private endpoints for cloud services where possible.

  3. Enable network flow logging and alert on scanning activity.

  '
references:
- https://attack.mitre.org/techniques/T1595/001/
compliance: []
threat_category: web_attack
mitre_tactics:
- initial_access
mitre_techniques:
- T1595.001
risk_score: 50
action_category: create
source: default
metadata_source: auto_generated
generated_by: aws_ciem_generator
