assertion_id: audit_logging.bucket_log_retention_policy_lock
domain: logging_monitoring_and_alerting
program: object_storage.security.bucket.bucket_log_retention_policy_lock
provider_category: audit_logging
resource_class: Bucket
rule_id: oci.object_storage.bucket.bucket_log_retention_policy_lock
scope: object_storage.bucket.logging
severity: low
source: compliance_database
title: 'OCI OBJECT_STORAGE Bucket: Bucket Log Retention Policy Lock'
description: Validates that OCI object_storage bucket has bucket log retention policy
  lock configured according to security best practices. Proper configuration reduces
  security risks, prevents unauthorized access, and ensures compliance with industry
  standards and regulations.
rationale: Ensures OCI object_storage bucket has bucket log retention policy lock
  properly configured for security compliance. This control is essential for maintaining
  a strong security posture and meeting regulatory requirements.
references:
- https://docs.oracle.com/iaas/object_storage
- https://docs.oracle.com/iaas/security-center
requirement: Bucket Log Retention Policy Lock
subcategory: audit_logging
metadata_source: auto_generated
generated_by: oci_rule_generator
service: object_storage
resource: bucket
compliance:
- iso27001_2022_A.8.10
- iso27001_2022_A.8.16
- soc2_cc_7_2
- soc2_cc_7_3
- soc2_cc_a_1_1
- soc2_cc_c_1_2
remediation: Review and remediate Bucket Log Retention Policy Lock according to OCI
  security best practices.
