description: Validates that GCP storage bucket has log retention policy lock configured
  according to security best practices. Proper configuration reduces security risks,
  prevents unauthorized access, and ensures compliance with industry standards and
  regulations.
domain: logging_monitoring_and_alerting
rationale: Ensures GCP storage bucket has log retention policy lock properly configured
  for security compliance. This control is essential for maintaining a strong security
  posture and meeting regulatory requirements.
references:
- https://cloud.google.com/storage/docs
- https://cloud.google.com/security-command-center/docs
requirement: Log Retention Policy Lock
resource: bucket
rule_id: gcp.storage.bucket.log_retention_policy_lock
scope: storage.bucket.logging
service: storage
severity: low
subcategory: audit_logging
title: 'GCP STORAGE Bucket: Log Retention Policy Lock'
